// !$*UTF8*$!
{
	archiveVersion = 1;
	classes = {
	};
	objectVersion = 50;
	objects = {

/* Begin PBXBuildFile section */
		A74912E026EB7A0100749FF2 /* AppDelegate.swift in Sources */ = {isa = PBXBuildFile; fileRef = A74912DF26EB7A0100749FF2 /* AppDelegate.swift */; };
		A74912E226EB7A0100749FF2 /* SceneDelegate.swift in Sources */ = {isa = PBXBuildFile; fileRef = A74912E126EB7A0100749FF2 /* SceneDelegate.swift */; };
		A74912E726EB7A0100749FF2 /* Main.storyboard in Resources */ = {isa = PBXBuildFile; fileRef = A74912E526EB7A0100749FF2 /* Main.storyboard */; };
		A74912EA26EB7A0100749FF2 /* Garment.xcdatamodeld in Sources */ = {isa = PBXBuildFile; fileRef = A74912E826EB7A0100749FF2 /* Garment.xcdatamodeld */; };
		A74912EC26EB7A0300749FF2 /* Assets.xcassets in Resources */ = {isa = PBXBuildFile; fileRef = A74912EB26EB7A0300749FF2 /* Assets.xcassets */; };
		A74912EF26EB7A0300749FF2 /* LaunchScreen.storyboard in Resources */ = {isa = PBXBuildFile; fileRef = A74912ED26EB7A0300749FF2 /* LaunchScreen.storyboard */; };
		A74912FC26EB7C6000749FF2 /* User.swift in Sources */ = {isa = PBXBuildFile; fileRef = A74912FB26EB7C6000749FF2 /* User.swift */; };
		A74912FE26EB7C9F00749FF2 /* ProductPost.swift in Sources */ = {isa = PBXBuildFile; fileRef = A74912FD26EB7C9F00749FF2 /* ProductPost.swift */; };
		A749130026EBE1B300749FF2 /* Store.swift in Sources */ = {isa = PBXBuildFile; fileRef = A74912FF26EBE1B300749FF2 /* Store.swift */; };
		A749130B26EC07FB00749FF2 /* TimeLineCollectionViewController.swift in Sources */ = {isa = PBXBuildFile; fileRef = A749130A26EC07FB00749FF2 /* TimeLineCollectionViewController.swift */; };
		A749131326EC24E800749FF2 /* TimeLineCollectionViewCell.swift in Sources */ = {isa = PBXBuildFile; fileRef = A749131226EC24E800749FF2 /* TimeLineCollectionViewCell.swift */; };
		A7A9893626F6A1A600875AAB /* StoresViewController.swift in Sources */ = {isa = PBXBuildFile; fileRef = A7A9893526F6A1A600875AAB /* StoresViewController.swift */; };
		A7D709A826ED5B4700392A58 /* DataBase.swift in Sources */ = {isa = PBXBuildFile; fileRef = A7D709A726ED5B4700392A58 /* DataBase.swift */; };
/* End PBXBuildFile section */

/* Begin PBXFileReference section */
		A74912DC26EB7A0100749FF2 /* Garment.app */ = {isa = PBXFileReference; explicitFileType = wrapper.application; includeInIndex = 0; path = Garment.app; sourceTree = BUILT_PRODUCTS_DIR; };
		A74912DF26EB7A0100749FF2 /* AppDelegate.swift */ = {isa = PBXFileReference; lastKnownFileType = sourcecode.swift; path = AppDelegate.swift; sourceTree = "<group>"; };
		A74912E126EB7A0100749FF2 /* SceneDelegate.swift */ = {isa = PBXFileReference; lastKnownFileType = sourcecode.swift; path = SceneDelegate.swift; sourceTree = "<group>"; };
		A74912E626EB7A0100749FF2 /* Base */ = {isa = PBXFileReference; lastKnownFileType = file.storyboard; name = Base; path = Base.lproj/Main.storyboard; sourceTree = "<group>"; };
		A74912E926EB7A0100749FF2 /* Garment.xcdatamodel */ = {isa = PBXFileReference; lastKnownFileType = wrapper.xcdatamodel; path = Garment.xcdatamodel; sourceTree = "<group>"; };
		A74912EB26EB7A0300749FF2 /* Assets.xcassets */ = {isa = PBXFileReference; lastKnownFileType = folder.assetcatalog; path = Assets.xcassets; sourceTree = "<group>"; };
		A74912EE26EB7A0300749FF2 /* Base */ = {isa = PBXFileReference; lastKnownFileType = file.storyboard; name = Base; path = Base.lproj/LaunchScreen.storyboard; sourceTree = "<group>"; };
		A74912F026EB7A0300749FF2 /* Info.plist */ = {isa = PBXFileReference; lastKnownFileType = text.plist.xml; path = Info.plist; sourceTree = "<group>"; };
		A74912FB26EB7C6000749FF2 /* User.swift */ = {isa = PBXFileReference; lastKnownFileType = sourcecode.swift; path = User.swift; sourceTree = "<group>"; };
		A74912FD26EB7C9F00749FF2 /* ProductPost.swift */ = {isa = PBXFileReference; lastKnownFileType = sourcecode.swift; path = ProductPost.swift; sourceTree = "<group>"; };
		A74912FF26EBE1B300749FF2 /* Store.swift */ = {isa = PBXFileReference; lastKnownFileType = sourcecode.swift; path = Store.swift; sourceTree = "<group>"; };
		A749130A26EC07FB00749FF2 /* TimeLineCollectionViewController.swift */ = {isa = PBXFileReference; lastKnownFileType = sourcecode.swift; path = TimeLineCollectionViewController.swift; sourceTree = "<group>"; };
		A749131226EC24E800749FF2 /* TimeLineCollectionViewCell.swift */ = {isa = PBXFileReference; lastKnownFileType = sourcecode.swift; path = TimeLineCollectionViewCell.swift; sourceTree = "<group>"; };
		A7A9893526F6A1A600875AAB /* StoresViewController.swift */ = {isa = PBXFileReference; lastKnownFileType = sourcecode.swift; path = StoresViewController.swift; sourceTree = "<group>"; };
		A7D709A726ED5B4700392A58 /* DataBase.swift */ = {isa = PBXFileReference; lastKnownFileType = sourcecode.swift; path = DataBase.swift; sourceTree = "<group>"; };
/* End PBXFileReference section */

/* Begin PBXFrameworksBuildPhase section */
		A74912D926EB7A0100749FF2 /* Frameworks */ = {
			isa = PBXFrameworksBuildPhase;
			buildActionMask = 2147483647;
			files = (
			);
			runOnlyForDeploymentPostprocessing = 0;
		};
/* End PBXFrameworksBuildPhase section */

/* Begin PBXGroup section */
		A74912D326EB7A0100749FF2 = {
			isa = PBXGroup;
			children = (
				A74912E526EB7A0100749FF2 /* Main.storyboard */,
				A749130826EBF79A00749FF2 /* Source */,
				A74912DE26EB7A0100749FF2 /* Garment */,
				A74912DD26EB7A0100749FF2 /* Products */,
			);
			sourceTree = "<group>";
		};
		A74912DD26EB7A0100749FF2 /* Products */ = {
			isa = PBXGroup;
			children = (
				A74912DC26EB7A0100749FF2 /* Garment.app */,
			);
			name = Products;
			sourceTree = "<group>";
		};
		A74912DE26EB7A0100749FF2 /* Garment */ = {
			isa = PBXGroup;
			children = (
				A7D709A626ED5B2D00392A58 /* DB */,
				A74912F026EB7A0300749FF2 /* Info.plist */,
				A74912F626EB7A4400749FF2 /* Template */,
				A749130126EBF62600749FF2 /* ViewControllers */,
				A749130926EBF7BC00749FF2 /* CoreData */,
			);
			path = Garment;
			sourceTree = "<group>";
		};
		A74912F626EB7A4400749FF2 /* Template */ = {
			isa = PBXGroup;
			children = (
				A74912FA26EB7B5200749FF2 /* Product */,
				A74912F926EB7B3400749FF2 /* Store */,
				A74912F726EB7B1C00749FF2 /* User */,
			);
			path = Template;
			sourceTree = "<group>";
		};
		A74912F726EB7B1C00749FF2 /* User */ = {
			isa = PBXGroup;
			children = (
				A74912FB26EB7C6000749FF2 /* User.swift */,
			);
			path = User;
			sourceTree = "<group>";
		};
		A74912F926EB7B3400749FF2 /* Store */ = {
			isa = PBXGroup;
			children = (
				A74912FF26EBE1B300749FF2 /* Store.swift */,
			);
			path = Store;
			sourceTree = "<group>";
		};
		A74912FA26EB7B5200749FF2 /* Product */ = {
			isa = PBXGroup;
			children = (
				A74912FD26EB7C9F00749FF2 /* ProductPost.swift */,
			);
			path = Product;
			sourceTree = "<group>";
		};
		A749130126EBF62600749FF2 /* ViewControllers */ = {
			isa = PBXGroup;
			children = (
				A7A9893426F6A16700875AAB /* Users */,
				A7A9893326F6A15600875AAB /* Stores */,
			);
			path = ViewControllers;
			sourceTree = "<group>";
		};
		A749130226EBF63500749FF2 /* TimeLineVC */ = {
			isa = PBXGroup;
			children = (
				A749130526EBF71100749FF2 /* TimeLineCell */,
				A749130A26EC07FB00749FF2 /* TimeLineCollectionViewController.swift */,
			);
			path = TimeLineVC;
			sourceTree = "<group>";
		};
		A749130526EBF71100749FF2 /* TimeLineCell */ = {
			isa = PBXGroup;
			children = (
				A749131226EC24E800749FF2 /* TimeLineCollectionViewCell.swift */,
			);
			path = TimeLineCell;
			sourceTree = "<group>";
		};
		A749130826EBF79A00749FF2 /* Source */ = {
			isa = PBXGroup;
			children = (
				A74912EB26EB7A0300749FF2 /* Assets.xcassets */,
				A74912E126EB7A0100749FF2 /* SceneDelegate.swift */,
				A74912DF26EB7A0100749FF2 /* AppDelegate.swift */,
				A74912ED26EB7A0300749FF2 /* LaunchScreen.storyboard */,
			);
			path = Source;
			sourceTree = "<group>";
		};
		A749130926EBF7BC00749FF2 /* CoreData */ = {
			isa = PBXGroup;
			children = (
				A74912E826EB7A0100749FF2 /* Garment.xcdatamodeld */,
			);
			path = CoreData;
			sourceTree = "<group>";
		};
		A7A9893326F6A15600875AAB /* Stores */ = {
			isa = PBXGroup;
			children = (
				A7A9893526F6A1A600875AAB /* StoresViewController.swift */,
			);
			path = Stores;
			sourceTree = "<group>";
		};
		A7A9893426F6A16700875AAB /* Users */ = {
			isa = PBXGroup;
			children = (
				A749130226EBF63500749FF2 /* TimeLineVC */,
			);
			path = Users;
			sourceTree = "<group>";
		};
		A7D709A626ED5B2D00392A58 /* DB */ = {
			isa = PBXGroup;
			children = (
				A7D709A726ED5B4700392A58 /* DataBase.swift */,
			);
			path = DB;
			sourceTree = "<group>";
		};
/* End PBXGroup section */

/* Begin PBXNativeTarget section */
		A74912DB26EB7A0100749FF2 /* Garment */ = {
			isa = PBXNativeTarget;
			buildConfigurationList = A74912F326EB7A0300749FF2 /* Build configuration list for PBXNativeTarget "Garment" */;
			buildPhases = (
				A74912D826EB7A0100749FF2 /* Sources */,
				A74912D926EB7A0100749FF2 /* Frameworks */,
				A74912DA26EB7A0100749FF2 /* Resources */,
			);
			buildRules = (
			);
			dependencies = (
			);
			name = Garment;
			productName = Garment;
			productReference = A74912DC26EB7A0100749FF2 /* Garment.app */;
			productType = "com.apple.product-type.application";
		};
/* End PBXNativeTarget section */

/* Begin PBXProject section */
		A74912D426EB7A0100749FF2 /* Project object */ = {
			isa = PBXProject;
			attributes = {
				LastSwiftUpdateCheck = 1250;
				LastUpgradeCheck = 1250;
				TargetAttributes = {
					A74912DB26EB7A0100749FF2 = {
						CreatedOnToolsVersion = 12.5.1;
					};
				};
			};
			buildConfigurationList = A74912D726EB7A0100749FF2 /* Build configuration list for PBXProject "Garment" */;
			compatibilityVersion = "Xcode 9.3";
			developmentRegion = en;
			hasScannedForEncodings = 0;
			knownRegions = (
				en,
				Base,
			);
			mainGroup = A74912D326EB7A0100749FF2;
			productRefGroup = A74912DD26EB7A0100749FF2 /* Products */;
			projectDirPath = "";
			projectRoot = "";
			targets = (
				A74912DB26EB7A0100749FF2 /* Garment */,
			);
		};
/* End PBXProject section */

/* Begin PBXResourcesBuildPhase section */
		A74912DA26EB7A0100749FF2 /* Resources */ = {
			isa = PBXResourcesBuildPhase;
			buildActionMask = 2147483647;
			files = (
				A74912EF26EB7A0300749FF2 /* LaunchScreen.storyboard in Resources */,
				A74912EC26EB7A0300749FF2 /* Assets.xcassets in Resources */,
				A74912E726EB7A0100749FF2 /* Main.storyboard in Resources */,
			);
			runOnlyForDeploymentPostprocessing = 0;
		};
/* End PBXResourcesBuildPhase section */

/* Begin PBXSourcesBuildPhase section */
		A74912D826EB7A0100749FF2 /* Sources */ = {
			isa = PBXSourcesBuildPhase;
			buildActionMask = 2147483647;
			files = (
				A749130026EBE1B300749FF2 /* Store.swift in Sources */,
				A74912E026EB7A0100749FF2 /* AppDelegate.swift in Sources */,
				A7D709A826ED5B4700392A58 /* DataBase.swift in Sources */,
				A749131326EC24E800749FF2 /* TimeLineCollectionViewCell.swift in Sources */,
				A74912FC26EB7C6000749FF2 /* User.swift in Sources */,
				A749130B26EC07FB00749FF2 /* TimeLineCollectionViewController.swift in Sources */,
				A7A9893626F6A1A600875AAB /* StoresViewController.swift in Sources */,
				A74912EA26EB7A0100749FF2 /* Garment.xcdatamodeld in Sources */,
				A74912E226EB7A0100749FF2 /* SceneDelegate.swift in Sources */,
				A74912FE26EB7C9F00749FF2 /* ProductPost.swift in Sources */,
			);
			runOnlyForDeploymentPostprocessing = 0;
		};
/* End PBXSourcesBuildPhase section */

/* Begin PBXVariantGroup section */
		A74912E526EB7A0100749FF2 /* Main.storyboard */ = {
			isa = PBXVariantGroup;
			children = (
				A74912E626EB7A0100749FF2 /* Base */,
			);
			name = Main.storyboard;
			sourceTree = "<group>";
		};
		A74912ED26EB7A0300749FF2 /* LaunchScreen.storyboard */ = {
			isa = PBXVariantGroup;
			children = (
				A74912EE26EB7A0300749FF2 /* Base */,
			);
			name = LaunchScreen.storyboard;
			sourceTree = "<group>";
		};
/* End PBXVariantGroup section */

/* Begin XCBuildConfiguration section */
		A74912F126EB7A0300749FF2 /* Debug */ = {
			isa = XCBuildConfiguration;
			buildSettings = {
				ALWAYS_SEARCH_USER_PATHS = NO;
				CLANG_ANALYZER_NONNULL = YES;
				CLANG_ANALYZER_NUMBER_OBJECT_CONVERSION = YES_AGGRESSIVE;
				CLANG_CXX_LANGUAGE_STANDARD = "gnu++14";
				CLANG_CXX_LIBRARY = "libc++";
				CLANG_ENABLE_MODULES = YES;
				CLANG_ENABLE_OBJC_ARC = YES;
				CLANG_ENABLE_OBJC_WEAK = YES;
				CLANG_WARN_BLOCK_CAPTURE_AUTORELEASING = YES;
				CLANG_WARN_BOOL_CONVERSION = YES;
				CLANG_WARN_COMMA = YES;
				CLANG_WARN_CONSTANT_CONVERSION = YES;
				CLANG_WARN_DEPRECATED_OBJC_IMPLEMENTATIONS = YES;
				CLANG_WARN_DIRECT_OBJC_ISA_USAGE = YES_ERROR;
				CLANG_WARN_DOCUMENTATION_COMMENTS = YES;
				CLANG_WARN_EMPTY_BODY = YES;
				CLANG_WARN_ENUM_CONVERSION = YES;
				CLANG_WARN_INFINITE_RECURSION = YES;
				CLANG_WARN_INT_CONVERSION = YES;
				CLANG_WARN_NON_LITERAL_NULL_CONVERSION = YES;
				CLANG_WARN_OBJC_IMPLICIT_RETAIN_SELF = YES;
				CLANG_WARN_OBJC_LITERAL_CONVERSION = YES;
				CLANG_WARN_OBJC_ROOT_CLASS = YES_ERROR;
				CLANG_WARN_QUOTED_INCLUDE_IN_FRAMEWORK_HEADER = YES;
				CLANG_WARN_RANGE_LOOP_ANALYSIS = YES;
				CLANG_WARN_STRICT_PROTOTYPES = YES;
				CLANG_WARN_SUSPICIOUS_MOVE = YES;
				CLANG_WARN_UNGUARDED_AVAILABILITY = YES_AGGRESSIVE;
				CLANG_WARN_UNREACHABLE_CODE = YES;
				CLANG_WARN__DUPLICATE_METHOD_MATCH = YES;
				COPY_PHASE_STRIP = NO;
				DEBUG_INFORMATION_FORMAT = dwarf;
				ENABLE_STRICT_OBJC_MSGSEND = YES;
				ENABLE_TESTABILITY = YES;
				GCC_C_LANGUAGE_STANDARD = gnu11;
				GCC_DYNAMIC_NO_PIC = NO;
				GCC_NO_COMMON_BLOCKS = YES;
				GCC_OPTIMIZATION_LEVEL = 0;
				GCC_PREPROCESSOR_DEFINITIONS = (
					"DEBUG=1",
					"$(inherited)",
				);
				GCC_WARN_64_TO_32_BIT_CONVERSION = YES;
				GCC_WARN_ABOUT_RETURN_TYPE = YES_ERROR;
				GCC_WARN_UNDECLARED_SELECTOR = YES;
				GCC_WARN_UNINITIALIZED_AUTOS = YES_AGGRESSIVE;
				GCC_WARN_UNUSED_FUNCTION = YES;
				GCC_WARN_UNUSED_VARIABLE = YES;
				IPHONEOS_DEPLOYMENT_TARGET = 14.5;
				MTL_ENABLE_DEBUG_INFO = INCLUDE_SOURCE;
				MTL_FAST_MATH = YES;
				ONLY_ACTIVE_ARCH = YES;
				SDKROOT = iphoneos;
				SWIFT_ACTIVE_COMPILATION_CONDITIONS = DEBUG;
				SWIFT_OPTIMIZATION_LEVEL = "-Onone";
			};
			name = Debug;
		};
		A74912F226EB7A0300749FF2 /* Release */ = {
			isa = XCBuildConfiguration;
			buildSettings = {
				ALWAYS_SEARCH_USER_PATHS = NO;
				CLANG_ANALYZER_NONNULL = YES;
				CLANG_ANALYZER_NUMBER_OBJECT_CONVERSION = YES_AGGRESSIVE;
				CLANG_CXX_LANGUAGE_STANDARD = "gnu++14";
				CLANG_CXX_LIBRARY = "libc++";
				CLANG_ENABLE_MODULES = YES;
				CLANG_ENABLE_OBJC_ARC = YES;
				CLANG_ENABLE_OBJC_WEAK = YES;
				CLANG_WARN_BLOCK_CAPTURE_AUTORELEASING = YES;
				CLANG_WARN_BOOL_CONVERSION = YES;
				CLANG_WARN_COMMA = YES;
				CLANG_WARN_CONSTANT_CONVERSION = YES;
				CLANG_WARN_DEPRECATED_OBJC_IMPLEMENTATIONS = YES;
				CLANG_WARN_DIRECT_OBJC_ISA_USAGE = YES_ERROR;
				CLANG_WARN_DOCUMENTATION_COMMENTS = YES;
				CLANG_WARN_EMPTY_BODY = YES;
				CLANG_WARN_ENUM_CONVERSION = YES;
				CLANG_WARN_INFINITE_RECURSION = YES;
				CLANG_WARN_INT_CONVERSION = YES;
				CLANG_WARN_NON_LITERAL_NULL_CONVERSION = YES;
				CLANG_WARN_OBJC_IMPLICIT_RETAIN_SELF = YES;
				CLANG_WARN_OBJC_LITERAL_CONVERSION = YES;
				CLANG_WARN_OBJC_ROOT_CLASS = YES_ERROR;
				CLANG_WARN_QUOTED_INCLUDE_IN_FRAMEWORK_HEADER = YES;
				CLANG_WARN_RANGE_LOOP_ANALYSIS = YES;
				CLANG_WARN_STRICT_PROTOTYPES = YES;
				CLANG_WARN_SUSPICIOUS_MOVE = YES;
				CLANG_WARN_UNGUARDED_AVAILABILITY = YES_AGGRESSIVE;
				CLANG_WARN_UNREACHABLE_CODE = YES;
				CLANG_WARN__DUPLICATE_METHOD_MATCH = YES;
				COPY_PHASE_STRIP = NO;
				DEBUG_INFORMATION_FORMAT = "dwarf-with-dsym";
				ENABLE_NS_ASSERTIONS = NO;
				ENABLE_STRICT_OBJC_MSGSEND = YES;
				GCC_C_LANGUAGE_STANDARD = gnu11;
				GCC_NO_COMMON_BLOCKS = YES;
				GCC_WARN_64_TO_32_BIT_CONVERSION = YES;
				GCC_WARN_ABOUT_RETURN_TYPE = YES_ERROR;
				GCC_WARN_UNDECLARED_SELECTOR = YES;
				GCC_WARN_UNINITIALIZED_AUTOS = YES_AGGRESSIVE;
				GCC_WARN_UNUSED_FUNCTION = YES;
				GCC_WARN_UNUSED_VARIABLE = YES;
				IPHONEOS_DEPLOYMENT_TARGET = 14.5;
				MTL_ENABLE_DEBUG_INFO = NO;
				MTL_FAST_MATH = YES;
				SDKROOT = iphoneos;
				SWIFT_COMPILATION_MODE = wholemodule;
				SWIFT_OPTIMIZATION_LEVEL = "-O";
				VALIDATE_PRODUCT = YES;
			};
			name = Release;
		};
		A74912F426EB7A0300749FF2 /* Debug */ = {
			isa = XCBuildConfiguration;
			buildSettings = {
				ASSETCATALOG_COMPILER_APPICON_NAME = AppIcon;
				ASSETCATALOG_COMPILER_GLOBAL_ACCENT_COLOR_NAME = AccentColor;
				CODE_SIGN_STYLE = Automatic;
				DEVELOPMENT_TEAM = V29B4WV7QY;
				INFOPLIST_FILE = Garment/Info.plist;
				LD_RUNPATH_SEARCH_PATHS = (
					"$(inherited)",
					"@executable_path/Frameworks",
				);
				PRODUCT_BUNDLE_IDENTIFIER = Test.Garment;
				PRODUCT_NAME = "$(TARGET_NAME)";
				SWIFT_VERSION = 5.0;
				TARGETED_DEVICE_FAMILY = "1,2";
			};
			name = Debug;
		};
		A74912F526EB7A0300749FF2 /* Release */ = {
			isa = XCBuildConfiguration;
			buildSettings = {
				ASSETCATALOG_COMPILER_APPICON_NAME = AppIcon;
				ASSETCATALOG_COMPILER_GLOBAL_ACCENT_COLOR_NAME = AccentColor;
				CODE_SIGN_STYLE = Automatic;
				DEVELOPMENT_TEAM = V29B4WV7QY;
				INFOPLIST_FILE = Garment/Info.plist;
				LD_RUNPATH_SEARCH_PATHS = (
					"$(inherited)",
					"@executable_path/Frameworks",
				);
				PRODUCT_BUNDLE_IDENTIFIER = Test.Garment;
				PRODUCT_NAME = "$(TARGET_NAME)";
				SWIFT_VERSION = 5.0;
				TARGETED_DEVICE_FAMILY = "1,2";
			};
			name = Release;
		};
/* End XCBuildConfiguration section */

/* Begin XCConfigurationList section */
		A74912D726EB7A0100749FF2 /* Build configuration list for PBXProject "Garment" */ = {
			isa = XCConfigurationList;
			buildConfigurations = (
				A74912F126EB7A0300749FF2 /* Debug */,
				A74912F226EB7A0300749FF2 /* Release */,
			);
			defaultConfigurationIsVisible = 0;
			defaultConfigurationName = Release;
		};
		A74912F326EB7A0300749FF2 /* Build configuration list for PBXNativeTarget "Garment" */ = {
			isa = XCConfigurationList;
			buildConfigurations = (
				A74912F426EB7A0300749FF2 /* Debug */,
				A74912F526EB7A0300749FF2 /* Release */,
			);
			defaultConfigurationIsVisible = 0;
			defaultConfigurationName = Release;
		};
/* End XCConfigurationList section */

/* Begin XCVersionGroup section */
		A74912E826EB7A0100749FF2 /* Garment.xcdatamodeld */ = {
			isa = XCVersionGroup;
			children = (
				A74912E926EB7A0100749FF2 /* Garment.xcdatamodel */,
			);
			currentVersion = A74912E926EB7A0100749FF2 /* Garment.xcdatamodel */;
			path = Garment.xcdatamodeld;
			sourceTree = "<group>";
			versionGroupType = wrapper.xcdatamodel;
		};
/* End XCVersionGroup section */
	};
	rootObject = A74912D426EB7A0100749FF2 /* Project object */;
}
