// !$*UTF8*$!
{
	archiveVersion = 1;
	classes = {
	};
	objectVersion = 52;
	objects = {

/* Begin PBXBuildFile section */
		A70E2371274BBB9000563FEC /* SDWebImageWebPCoder in Frameworks */ = {isa = PBXBuildFile; productRef = A70E2370274BBB9000563FEC /* SDWebImageWebPCoder */; };
		A71215D027138867006BF312 /* GlobalMenuStoreViewController.swift in Sources */ = {isa = PBXBuildFile; fileRef = A71215CF27138867006BF312 /* GlobalMenuStoreViewController.swift */; };
		A715B68D270E285A00DF78FD /* AuthViewController.swift in Sources */ = {isa = PBXBuildFile; fileRef = A715B68C270E285A00DF78FD /* AuthViewController.swift */; };
		A71690422722E3A8008F8B8E /* FSTimeLine.swift in Sources */ = {isa = PBXBuildFile; fileRef = A71690412722E3A8008F8B8E /* FSTimeLine.swift */; };
		A71690442723513E008F8B8E /* DBFireBase.swift in Sources */ = {isa = PBXBuildFile; fileRef = A71690432723513E008F8B8E /* DBFireBase.swift */; };
		A717B98B270EDC2800415BD8 /* AuthAccaunt.swift in Sources */ = {isa = PBXBuildFile; fileRef = A717B98A270EDC2800415BD8 /* AuthAccaunt.swift */; };
		A71CF607270BA53000734074 /* StoreTableViewController.swift in Sources */ = {isa = PBXBuildFile; fileRef = A71CF606270BA53000734074 /* StoreTableViewController.swift */; };
		A71F969A271BB619006F5826 /* StoreFireBase.swift in Sources */ = {isa = PBXBuildFile; fileRef = A71F9699271BB619006F5826 /* StoreFireBase.swift */; };
		A71F969D271BBA0D006F5826 /* ProductFireBase.swift in Sources */ = {isa = PBXBuildFile; fileRef = A71F969C271BBA0D006F5826 /* ProductFireBase.swift */; };
		A74912E026EB7A0100749FF2 /* AppDelegate.swift in Sources */ = {isa = PBXBuildFile; fileRef = A74912DF26EB7A0100749FF2 /* AppDelegate.swift */; };
		A74912E226EB7A0100749FF2 /* SceneDelegate.swift in Sources */ = {isa = PBXBuildFile; fileRef = A74912E126EB7A0100749FF2 /* SceneDelegate.swift */; };
		A74912E726EB7A0100749FF2 /* Main.storyboard in Resources */ = {isa = PBXBuildFile; fileRef = A74912E526EB7A0100749FF2 /* Main.storyboard */; };
		A74912EA26EB7A0100749FF2 /* Garment.xcdatamodeld in Sources */ = {isa = PBXBuildFile; fileRef = A74912E826EB7A0100749FF2 /* Garment.xcdatamodeld */; };
		A74912EC26EB7A0300749FF2 /* Assets.xcassets in Resources */ = {isa = PBXBuildFile; fileRef = A74912EB26EB7A0300749FF2 /* Assets.xcassets */; };
		A74912EF26EB7A0300749FF2 /* LaunchScreen.storyboard in Resources */ = {isa = PBXBuildFile; fileRef = A74912ED26EB7A0300749FF2 /* LaunchScreen.storyboard */; };
		A74912FC26EB7C6000749FF2 /* User.swift in Sources */ = {isa = PBXBuildFile; fileRef = A74912FB26EB7C6000749FF2 /* User.swift */; };
		A74912FE26EB7C9F00749FF2 /* Product.swift in Sources */ = {isa = PBXBuildFile; fileRef = A74912FD26EB7C9F00749FF2 /* Product.swift */; };
		A749130026EBE1B300749FF2 /* Store.swift in Sources */ = {isa = PBXBuildFile; fileRef = A74912FF26EBE1B300749FF2 /* Store.swift */; };
		A749130B26EC07FB00749FF2 /* TimeLineCollectionViewController.swift in Sources */ = {isa = PBXBuildFile; fileRef = A749130A26EC07FB00749FF2 /* TimeLineCollectionViewController.swift */; };
		A749131326EC24E800749FF2 /* TimeLineCollectionViewCell.swift in Sources */ = {isa = PBXBuildFile; fileRef = A749131226EC24E800749FF2 /* TimeLineCollectionViewCell.swift */; };
		A7545AC72715A1A200A79E83 /* FirebaseAnalytics in Frameworks */ = {isa = PBXBuildFile; productRef = A7545AC62715A1A200A79E83 /* FirebaseAnalytics */; };
		A7545AC92715A1A200A79E83 /* FirebaseAnalyticsSwift-Beta in Frameworks */ = {isa = PBXBuildFile; productRef = A7545AC82715A1A200A79E83 /* FirebaseAnalyticsSwift-Beta */; };
		A7545ACB2715A1A200A79E83 /* FirebaseAnalyticsWithoutAdIdSupport in Frameworks */ = {isa = PBXBuildFile; productRef = A7545ACA2715A1A200A79E83 /* FirebaseAnalyticsWithoutAdIdSupport */; };
		A7545ACD2715A1A200A79E83 /* FirebaseAppCheck in Frameworks */ = {isa = PBXBuildFile; productRef = A7545ACC2715A1A200A79E83 /* FirebaseAppCheck */; };
		A7545ACF2715A1A200A79E83 /* FirebaseAppDistribution-Beta in Frameworks */ = {isa = PBXBuildFile; productRef = A7545ACE2715A1A200A79E83 /* FirebaseAppDistribution-Beta */; };
		A7545AD12715A1A200A79E83 /* FirebaseAuth in Frameworks */ = {isa = PBXBuildFile; productRef = A7545AD02715A1A200A79E83 /* FirebaseAuth */; };
		A7545AD32715A1A200A79E83 /* FirebaseCrashlytics in Frameworks */ = {isa = PBXBuildFile; productRef = A7545AD22715A1A200A79E83 /* FirebaseCrashlytics */; };
		A7545AD52715A1A200A79E83 /* FirebaseDatabase in Frameworks */ = {isa = PBXBuildFile; productRef = A7545AD42715A1A200A79E83 /* FirebaseDatabase */; };
		A7545AD72715A1A200A79E83 /* FirebaseDatabaseSwift-Beta in Frameworks */ = {isa = PBXBuildFile; productRef = A7545AD62715A1A200A79E83 /* FirebaseDatabaseSwift-Beta */; };
		A7545AD92715A1A200A79E83 /* FirebaseDynamicLinks in Frameworks */ = {isa = PBXBuildFile; productRef = A7545AD82715A1A200A79E83 /* FirebaseDynamicLinks */; };
		A7545ADB2715A1A200A79E83 /* FirebaseFirestore in Frameworks */ = {isa = PBXBuildFile; productRef = A7545ADA2715A1A200A79E83 /* FirebaseFirestore */; };
		A7545ADD2715A1A200A79E83 /* FirebaseFirestoreSwift-Beta in Frameworks */ = {isa = PBXBuildFile; productRef = A7545ADC2715A1A200A79E83 /* FirebaseFirestoreSwift-Beta */; };
		A7545ADF2715A1A200A79E83 /* FirebaseFunctions in Frameworks */ = {isa = PBXBuildFile; productRef = A7545ADE2715A1A200A79E83 /* FirebaseFunctions */; };
		A7545AE12715A1A200A79E83 /* FirebaseInAppMessaging-Beta in Frameworks */ = {isa = PBXBuildFile; productRef = A7545AE02715A1A200A79E83 /* FirebaseInAppMessaging-Beta */; };
		A7545AE32715A1A200A79E83 /* FirebaseInAppMessagingSwift-Beta in Frameworks */ = {isa = PBXBuildFile; productRef = A7545AE22715A1A200A79E83 /* FirebaseInAppMessagingSwift-Beta */; };
		A7545AE52715A1A200A79E83 /* FirebaseInstallations in Frameworks */ = {isa = PBXBuildFile; productRef = A7545AE42715A1A200A79E83 /* FirebaseInstallations */; };
		A7545AE72715A1A200A79E83 /* FirebaseMLModelDownloader in Frameworks */ = {isa = PBXBuildFile; productRef = A7545AE62715A1A200A79E83 /* FirebaseMLModelDownloader */; };
		A7545AE92715A1A200A79E83 /* FirebaseMessaging in Frameworks */ = {isa = PBXBuildFile; productRef = A7545AE82715A1A200A79E83 /* FirebaseMessaging */; };
		A7545AEB2715A1A200A79E83 /* FirebasePerformance in Frameworks */ = {isa = PBXBuildFile; productRef = A7545AEA2715A1A200A79E83 /* FirebasePerformance */; };
		A7545AED2715A1A200A79E83 /* FirebaseRemoteConfig in Frameworks */ = {isa = PBXBuildFile; productRef = A7545AEC2715A1A200A79E83 /* FirebaseRemoteConfig */; };
		A7545AEF2715A1A200A79E83 /* FirebaseStorage in Frameworks */ = {isa = PBXBuildFile; productRef = A7545AEE2715A1A200A79E83 /* FirebaseStorage */; };
		A7545AF12715A1A200A79E83 /* FirebaseStorageSwift-Beta in Frameworks */ = {isa = PBXBuildFile; productRef = A7545AF02715A1A200A79E83 /* FirebaseStorageSwift-Beta */; };
		A7545B2727163D6600A79E83 /* GoogleService-Info.plist in Resources */ = {isa = PBXBuildFile; fileRef = A7545B2627163D6600A79E83 /* GoogleService-Info.plist */; };
		A77B94A72708D31B008CA24C /* PhotoAlbumCollectionViewCell.swift in Sources */ = {isa = PBXBuildFile; fileRef = A77B94A62708D31B008CA24C /* PhotoAlbumCollectionViewCell.swift */; };
		A77B94AB2708EF98008CA24C /* PhotoAlbumCollectionView.swift in Sources */ = {isa = PBXBuildFile; fileRef = A77B94AA2708EF98008CA24C /* PhotoAlbumCollectionView.swift */; };
		A7A9893626F6A1A600875AAB /* ProductViewController.swift in Sources */ = {isa = PBXBuildFile; fileRef = A7A9893526F6A1A600875AAB /* ProductViewController.swift */; };
		A7A9893F26F95E6500875AAB /* StorePhotoAlbumCollectionViewCell.swift in Sources */ = {isa = PBXBuildFile; fileRef = A7A9893E26F95E6500875AAB /* StorePhotoAlbumCollectionViewCell.swift */; };
		A7D709A826ED5B4700392A58 /* DataBase.swift in Sources */ = {isa = PBXBuildFile; fileRef = A7D709A726ED5B4700392A58 /* DataBase.swift */; };
		A7EA6938280F4EFC0085DFF9 /* ActivityTVC.swift in Sources */ = {isa = PBXBuildFile; fileRef = A7EA6937280F4EFC0085DFF9 /* ActivityTVC.swift */; };
		A7EA693B2810A76E0085DFF9 /* MessageTVC.swift in Sources */ = {isa = PBXBuildFile; fileRef = A7EA693A2810A76E0085DFF9 /* MessageTVC.swift */; };
/* End PBXBuildFile section */

/* Begin PBXFileReference section */
		A71215CF27138867006BF312 /* GlobalMenuStoreViewController.swift */ = {isa = PBXFileReference; lastKnownFileType = sourcecode.swift; path = GlobalMenuStoreViewController.swift; sourceTree = "<group>"; };
		A715B68C270E285A00DF78FD /* AuthViewController.swift */ = {isa = PBXFileReference; lastKnownFileType = sourcecode.swift; path = AuthViewController.swift; sourceTree = "<group>"; };
		A71690412722E3A8008F8B8E /* FSTimeLine.swift */ = {isa = PBXFileReference; lastKnownFileType = sourcecode.swift; path = FSTimeLine.swift; sourceTree = "<group>"; };
		A71690432723513E008F8B8E /* DBFireBase.swift */ = {isa = PBXFileReference; lastKnownFileType = sourcecode.swift; path = DBFireBase.swift; sourceTree = "<group>"; };
		A717B98A270EDC2800415BD8 /* AuthAccaunt.swift */ = {isa = PBXFileReference; lastKnownFileType = sourcecode.swift; path = AuthAccaunt.swift; sourceTree = "<group>"; };
		A71CF606270BA53000734074 /* StoreTableViewController.swift */ = {isa = PBXFileReference; lastKnownFileType = sourcecode.swift; path = StoreTableViewController.swift; sourceTree = "<group>"; };
		A71F9699271BB619006F5826 /* StoreFireBase.swift */ = {isa = PBXFileReference; lastKnownFileType = sourcecode.swift; path = StoreFireBase.swift; sourceTree = "<group>"; };
		A71F969C271BBA0D006F5826 /* ProductFireBase.swift */ = {isa = PBXFileReference; lastKnownFileType = sourcecode.swift; path = ProductFireBase.swift; sourceTree = "<group>"; };
		A74912DC26EB7A0100749FF2 /* Garment.app */ = {isa = PBXFileReference; explicitFileType = wrapper.application; includeInIndex = 0; path = Garment.app; sourceTree = BUILT_PRODUCTS_DIR; };
		A74912DF26EB7A0100749FF2 /* AppDelegate.swift */ = {isa = PBXFileReference; lastKnownFileType = sourcecode.swift; path = AppDelegate.swift; sourceTree = "<group>"; };
		A74912E126EB7A0100749FF2 /* SceneDelegate.swift */ = {isa = PBXFileReference; lastKnownFileType = sourcecode.swift; path = SceneDelegate.swift; sourceTree = "<group>"; };
		A74912E626EB7A0100749FF2 /* Base */ = {isa = PBXFileReference; lastKnownFileType = file.storyboard; name = Base; path = Base.lproj/Main.storyboard; sourceTree = "<group>"; };
		A74912E926EB7A0100749FF2 /* Garment.xcdatamodel */ = {isa = PBXFileReference; lastKnownFileType = wrapper.xcdatamodel; path = Garment.xcdatamodel; sourceTree = "<group>"; };
		A74912EB26EB7A0300749FF2 /* Assets.xcassets */ = {isa = PBXFileReference; lastKnownFileType = folder.assetcatalog; path = Assets.xcassets; sourceTree = "<group>"; };
		A74912EE26EB7A0300749FF2 /* Base */ = {isa = PBXFileReference; lastKnownFileType = file.storyboard; name = Base; path = Base.lproj/LaunchScreen.storyboard; sourceTree = "<group>"; };
		A74912F026EB7A0300749FF2 /* Info.plist */ = {isa = PBXFileReference; lastKnownFileType = text.plist.xml; path = Info.plist; sourceTree = "<group>"; };
		A74912FB26EB7C6000749FF2 /* User.swift */ = {isa = PBXFileReference; lastKnownFileType = sourcecode.swift; path = User.swift; sourceTree = "<group>"; };
		A74912FD26EB7C9F00749FF2 /* Product.swift */ = {isa = PBXFileReference; lastKnownFileType = sourcecode.swift; path = Product.swift; sourceTree = "<group>"; };
		A74912FF26EBE1B300749FF2 /* Store.swift */ = {isa = PBXFileReference; lastKnownFileType = sourcecode.swift; path = Store.swift; sourceTree = "<group>"; };
		A749130A26EC07FB00749FF2 /* TimeLineCollectionViewController.swift */ = {isa = PBXFileReference; lastKnownFileType = sourcecode.swift; path = TimeLineCollectionViewController.swift; sourceTree = "<group>"; };
		A749131226EC24E800749FF2 /* TimeLineCollectionViewCell.swift */ = {isa = PBXFileReference; lastKnownFileType = sourcecode.swift; path = TimeLineCollectionViewCell.swift; sourceTree = "<group>"; };
		A7545B00271620EA00A79E83 /* Garment.entitlements */ = {isa = PBXFileReference; lastKnownFileType = text.plist.entitlements; path = Garment.entitlements; sourceTree = "<group>"; };
		A7545B2627163D6600A79E83 /* GoogleService-Info.plist */ = {isa = PBXFileReference; fileEncoding = 4; lastKnownFileType = text.plist.xml; path = "GoogleService-Info.plist"; sourceTree = "<group>"; };
		A77B94A62708D31B008CA24C /* PhotoAlbumCollectionViewCell.swift */ = {isa = PBXFileReference; lastKnownFileType = sourcecode.swift; path = PhotoAlbumCollectionViewCell.swift; sourceTree = "<group>"; };
		A77B94AA2708EF98008CA24C /* PhotoAlbumCollectionView.swift */ = {isa = PBXFileReference; lastKnownFileType = sourcecode.swift; path = PhotoAlbumCollectionView.swift; sourceTree = "<group>"; };
		A7A9893526F6A1A600875AAB /* ProductViewController.swift */ = {isa = PBXFileReference; lastKnownFileType = sourcecode.swift; path = ProductViewController.swift; sourceTree = "<group>"; };
		A7A9893E26F95E6500875AAB /* StorePhotoAlbumCollectionViewCell.swift */ = {isa = PBXFileReference; fileEncoding = 4; lastKnownFileType = sourcecode.swift; path = StorePhotoAlbumCollectionViewCell.swift; sourceTree = "<group>"; };
		A7D709A726ED5B4700392A58 /* DataBase.swift */ = {isa = PBXFileReference; lastKnownFileType = sourcecode.swift; path = DataBase.swift; sourceTree = "<group>"; };
		A7EA6937280F4EFC0085DFF9 /* ActivityTVC.swift */ = {isa = PBXFileReference; lastKnownFileType = sourcecode.swift; path = ActivityTVC.swift; sourceTree = "<group>"; };
		A7EA693A2810A76E0085DFF9 /* MessageTVC.swift */ = {isa = PBXFileReference; lastKnownFileType = sourcecode.swift; path = MessageTVC.swift; sourceTree = "<group>"; tabWidth = 8; usesTabs = 0; };
/* End PBXFileReference section */

/* Begin PBXFrameworksBuildPhase section */
		A74912D926EB7A0100749FF2 /* Frameworks */ = {
			isa = PBXFrameworksBuildPhase;
			buildActionMask = 2147483647;
			files = (
				A7545AE92715A1A200A79E83 /* FirebaseMessaging in Frameworks */,
				A7545AE72715A1A200A79E83 /* FirebaseMLModelDownloader in Frameworks */,
				A7545ACD2715A1A200A79E83 /* FirebaseAppCheck in Frameworks */,
				A7545AE12715A1A200A79E83 /* FirebaseInAppMessaging-Beta in Frameworks */,
				A7545AD12715A1A200A79E83 /* FirebaseAuth in Frameworks */,
				A7545AC92715A1A200A79E83 /* FirebaseAnalyticsSwift-Beta in Frameworks */,
				A7545AD32715A1A200A79E83 /* FirebaseCrashlytics in Frameworks */,
				A70E2371274BBB9000563FEC /* SDWebImageWebPCoder in Frameworks */,
				A7545ACF2715A1A200A79E83 /* FirebaseAppDistribution-Beta in Frameworks */,
				A7545ACB2715A1A200A79E83 /* FirebaseAnalyticsWithoutAdIdSupport in Frameworks */,
				A7545AF12715A1A200A79E83 /* FirebaseStorageSwift-Beta in Frameworks */,
				A7545AE32715A1A200A79E83 /* FirebaseInAppMessagingSwift-Beta in Frameworks */,
				A7545AD72715A1A200A79E83 /* FirebaseDatabaseSwift-Beta in Frameworks */,
				A7545AEF2715A1A200A79E83 /* FirebaseStorage in Frameworks */,
				A7545AD52715A1A200A79E83 /* FirebaseDatabase in Frameworks */,
				A7545AC72715A1A200A79E83 /* FirebaseAnalytics in Frameworks */,
				A7545AE52715A1A200A79E83 /* FirebaseInstallations in Frameworks */,
				A7545AEB2715A1A200A79E83 /* FirebasePerformance in Frameworks */,
				A7545ADF2715A1A200A79E83 /* FirebaseFunctions in Frameworks */,
				A7545ADD2715A1A200A79E83 /* FirebaseFirestoreSwift-Beta in Frameworks */,
				A7545ADB2715A1A200A79E83 /* FirebaseFirestore in Frameworks */,
				A7545AD92715A1A200A79E83 /* FirebaseDynamicLinks in Frameworks */,
				A7545AED2715A1A200A79E83 /* FirebaseRemoteConfig in Frameworks */,
			);
			runOnlyForDeploymentPostprocessing = 0;
		};
/* End PBXFrameworksBuildPhase section */

/* Begin PBXGroup section */
		A71215CD27138812006BF312 /* Auth */ = {
			isa = PBXGroup;
			children = (
				A715B68C270E285A00DF78FD /* AuthViewController.swift */,
			);
			path = Auth;
			sourceTree = "<group>";
		};
		A71215CE27138836006BF312 /* Global */ = {
			isa = PBXGroup;
			children = (
				A71215CF27138867006BF312 /* GlobalMenuStoreViewController.swift */,
			);
			path = Global;
			sourceTree = "<group>";
		};
		A71690402722E389008F8B8E /* TimeLineFireStore */ = {
			isa = PBXGroup;
			children = (
				A71690412722E3A8008F8B8E /* FSTimeLine.swift */,
			);
			path = TimeLineFireStore;
			sourceTree = "<group>";
		};
		A71CF605270BA4FD00734074 /* StoreTableViewController */ = {
			isa = PBXGroup;
			children = (
				A71CF606270BA53000734074 /* StoreTableViewController.swift */,
				A71CF608270BA56100734074 /* StoreSettingsCell */,
			);
			path = StoreTableViewController;
			sourceTree = "<group>";
		};
		A71CF608270BA56100734074 /* StoreSettingsCell */ = {
			isa = PBXGroup;
			children = (
			);
			path = StoreSettingsCell;
			sourceTree = "<group>";
		};
		A71F9698271BB5F5006F5826 /* StoreFireBase */ = {
			isa = PBXGroup;
			children = (
				A71F9699271BB619006F5826 /* StoreFireBase.swift */,
			);
			path = StoreFireBase;
			sourceTree = "<group>";
		};
		A71F969B271BB9C2006F5826 /* ProductFireBase */ = {
			isa = PBXGroup;
			children = (
				A71F969C271BBA0D006F5826 /* ProductFireBase.swift */,
			);
			path = ProductFireBase;
			sourceTree = "<group>";
		};
		A72E775626FBB48200FF05C2 /* PhotoAlbum */ = {
			isa = PBXGroup;
			children = (
				A77B94A62708D31B008CA24C /* PhotoAlbumCollectionViewCell.swift */,
				A77B94AA2708EF98008CA24C /* PhotoAlbumCollectionView.swift */,
			);
			path = PhotoAlbum;
			sourceTree = "<group>";
		};
		A74912D326EB7A0100749FF2 = {
			isa = PBXGroup;
			children = (
				A74912DE26EB7A0100749FF2 /* Garment */,
				A74912DD26EB7A0100749FF2 /* Products */,
			);
			sourceTree = "<group>";
		};
		A74912DD26EB7A0100749FF2 /* Products */ = {
			isa = PBXGroup;
			children = (
				A74912DC26EB7A0100749FF2 /* Garment.app */,
			);
			name = Products;
			sourceTree = "<group>";
		};
		A74912DE26EB7A0100749FF2 /* Garment */ = {
			isa = PBXGroup;
			children = (
				A74912E526EB7A0100749FF2 /* Main.storyboard */,
				A7EA6940281359730085DFF9 /* Global */,
				A74912EB26EB7A0300749FF2 /* Assets.xcassets */,
				A7EA693F281359030085DFF9 /* Moodel */,
				A749130126EBF62600749FF2 /* ViewControllers */,
				A7EA693C281358570085DFF9 /* Services */,
				A7545B00271620EA00A79E83 /* Garment.entitlements */,
				A7545B2627163D6600A79E83 /* GoogleService-Info.plist */,
				A74912F026EB7A0300749FF2 /* Info.plist */,
			);
			path = Garment;
			sourceTree = "<group>";
		};
		A74912F726EB7B1C00749FF2 /* User */ = {
			isa = PBXGroup;
			children = (
				A74912FB26EB7C6000749FF2 /* User.swift */,
			);
			path = User;
			sourceTree = "<group>";
		};
		A74912F926EB7B3400749FF2 /* Store */ = {
			isa = PBXGroup;
			children = (
				A74912FF26EBE1B300749FF2 /* Store.swift */,
			);
			path = Store;
			sourceTree = "<group>";
		};
		A74912FA26EB7B5200749FF2 /* Product */ = {
			isa = PBXGroup;
			children = (
				A74912FD26EB7C9F00749FF2 /* Product.swift */,
			);
			path = Product;
			sourceTree = "<group>";
		};
		A749130126EBF62600749FF2 /* ViewControllers */ = {
			isa = PBXGroup;
			children = (
				A71215CD27138812006BF312 /* Auth */,
				A71215CE27138836006BF312 /* Global */,
				A7A9893426F6A16700875AAB /* Users */,
				A7A9893326F6A15600875AAB /* Stores */,
			);
			path = ViewControllers;
			sourceTree = "<group>";
		};
		A749130226EBF63500749FF2 /* TimeLineVC */ = {
			isa = PBXGroup;
			children = (
				A749130A26EC07FB00749FF2 /* TimeLineCollectionViewController.swift */,
				A749130526EBF71100749FF2 /* TimeLineCell */,
				A72E775626FBB48200FF05C2 /* PhotoAlbum */,
			);
			path = TimeLineVC;
			sourceTree = "<group>";
		};
		A749130526EBF71100749FF2 /* TimeLineCell */ = {
			isa = PBXGroup;
			children = (
				A749131226EC24E800749FF2 /* TimeLineCollectionViewCell.swift */,
			);
			path = TimeLineCell;
			sourceTree = "<group>";
		};
		A749130926EBF7BC00749FF2 /* CoreData */ = {
			isa = PBXGroup;
			children = (
				A74912E826EB7A0100749FF2 /* Garment.xcdatamodeld */,
			);
			path = CoreData;
			sourceTree = "<group>";
		};
		A7A9893326F6A15600875AAB /* Stores */ = {
			isa = PBXGroup;
			children = (
				A717B98A270EDC2800415BD8 /* AuthAccaunt.swift */,
				A7EA69392810A7510085DFF9 /* MassageTVC */,
				A7EA6934280F4E2A0085DFF9 /* Activity */,
				A71CF605270BA4FD00734074 /* StoreTableViewController */,
				A7A9893726F90BF100875AAB /* ProductVC */,
			);
			path = Stores;
			sourceTree = "<group>";
		};
		A7A9893426F6A16700875AAB /* Users */ = {
			isa = PBXGroup;
			children = (
				A749130226EBF63500749FF2 /* TimeLineVC */,
			);
			path = Users;
			sourceTree = "<group>";
		};
		A7A9893726F90BF100875AAB /* ProductVC */ = {
			isa = PBXGroup;
			children = (
				A7A9893526F6A1A600875AAB /* ProductViewController.swift */,
				A7A9893826F90BFC00875AAB /* StoresVCCell */,
			);
			path = ProductVC;
			sourceTree = "<group>";
		};
		A7A9893826F90BFC00875AAB /* StoresVCCell */ = {
			isa = PBXGroup;
			children = (
				A7A9893E26F95E6500875AAB /* StorePhotoAlbumCollectionViewCell.swift */,
			);
			path = StoresVCCell;
			sourceTree = "<group>";
		};
		A7D709A626ED5B2D00392A58 /* DB */ = {
			isa = PBXGroup;
			children = (
				A7D709A726ED5B4700392A58 /* DataBase.swift */,
			);
			path = DB;
			sourceTree = "<group>";
		};
		A7EA6934280F4E2A0085DFF9 /* Activity */ = {
			isa = PBXGroup;
			children = (
				A7EA6937280F4EFC0085DFF9 /* ActivityTVC.swift */,
			);
			path = Activity;
			sourceTree = "<group>";
		};
		A7EA69392810A7510085DFF9 /* MassageTVC */ = {
			isa = PBXGroup;
			children = (
				A7EA693A2810A76E0085DFF9 /* MessageTVC.swift */,
			);
			path = MassageTVC;
			sourceTree = "<group>";
		};
		A7EA693C281358570085DFF9 /* Services */ = {
			isa = PBXGroup;
			children = (
				A7EA693D281358630085DFF9 /* FireBase */,
			);
			path = Services;
			sourceTree = "<group>";
		};
		A7EA693D281358630085DFF9 /* FireBase */ = {
			isa = PBXGroup;
			children = (
				A7EA693E281358760085DFF9 /* DataBase */,
				A749130926EBF7BC00749FF2 /* CoreData */,
				A71F969B271BB9C2006F5826 /* ProductFireBase */,
				A71F9698271BB5F5006F5826 /* StoreFireBase */,
				A71690402722E389008F8B8E /* TimeLineFireStore */,
			);
			path = FireBase;
			sourceTree = "<group>";
		};
		A7EA693E281358760085DFF9 /* DataBase */ = {
			isa = PBXGroup;
			children = (
				A71690432723513E008F8B8E /* DBFireBase.swift */,
			);
			path = DataBase;
			sourceTree = "<group>";
		};
		A7EA693F281359030085DFF9 /* Moodel */ = {
			isa = PBXGroup;
			children = (
				A74912F726EB7B1C00749FF2 /* User */,
				A74912F926EB7B3400749FF2 /* Store */,
				A74912FA26EB7B5200749FF2 /* Product */,
				A7D709A626ED5B2D00392A58 /* DB */,
			);
			path = Moodel;
			sourceTree = "<group>";
		};
		A7EA6940281359730085DFF9 /* Global */ = {
			isa = PBXGroup;
			children = (
				A74912DF26EB7A0100749FF2 /* AppDelegate.swift */,
				A74912E126EB7A0100749FF2 /* SceneDelegate.swift */,
				A74912ED26EB7A0300749FF2 /* LaunchScreen.storyboard */,
			);
			path = Global;
			sourceTree = "<group>";
		};
/* End PBXGroup section */

/* Begin PBXNativeTarget section */
		A74912DB26EB7A0100749FF2 /* Garment */ = {
			isa = PBXNativeTarget;
			buildConfigurationList = A74912F326EB7A0300749FF2 /* Build configuration list for PBXNativeTarget "Garment" */;
			buildPhases = (
				A74912D826EB7A0100749FF2 /* Sources */,
				A74912D926EB7A0100749FF2 /* Frameworks */,
				A74912DA26EB7A0100749FF2 /* Resources */,
			);
			buildRules = (
			);
			dependencies = (
			);
			name = Garment;
			packageProductDependencies = (
				A7545AC62715A1A200A79E83 /* FirebaseAnalytics */,
				A7545AC82715A1A200A79E83 /* FirebaseAnalyticsSwift-Beta */,
				A7545ACA2715A1A200A79E83 /* FirebaseAnalyticsWithoutAdIdSupport */,
				A7545ACC2715A1A200A79E83 /* FirebaseAppCheck */,
				A7545ACE2715A1A200A79E83 /* FirebaseAppDistribution-Beta */,
				A7545AD02715A1A200A79E83 /* FirebaseAuth */,
				A7545AD22715A1A200A79E83 /* FirebaseCrashlytics */,
				A7545AD42715A1A200A79E83 /* FirebaseDatabase */,
				A7545AD62715A1A200A79E83 /* FirebaseDatabaseSwift-Beta */,
				A7545AD82715A1A200A79E83 /* FirebaseDynamicLinks */,
				A7545ADA2715A1A200A79E83 /* FirebaseFirestore */,
				A7545ADC2715A1A200A79E83 /* FirebaseFirestoreSwift-Beta */,
				A7545ADE2715A1A200A79E83 /* FirebaseFunctions */,
				A7545AE02715A1A200A79E83 /* FirebaseInAppMessaging-Beta */,
				A7545AE22715A1A200A79E83 /* FirebaseInAppMessagingSwift-Beta */,
				A7545AE42715A1A200A79E83 /* FirebaseInstallations */,
				A7545AE62715A1A200A79E83 /* FirebaseMLModelDownloader */,
				A7545AE82715A1A200A79E83 /* FirebaseMessaging */,
				A7545AEA2715A1A200A79E83 /* FirebasePerformance */,
				A7545AEC2715A1A200A79E83 /* FirebaseRemoteConfig */,
				A7545AEE2715A1A200A79E83 /* FirebaseStorage */,
				A7545AF02715A1A200A79E83 /* FirebaseStorageSwift-Beta */,
				A70E2370274BBB9000563FEC /* SDWebImageWebPCoder */,
			);
			productName = Garment;
			productReference = A74912DC26EB7A0100749FF2 /* Garment.app */;
			productType = "com.apple.product-type.application";
		};
/* End PBXNativeTarget section */

/* Begin PBXProject section */
		A74912D426EB7A0100749FF2 /* Project object */ = {
			isa = PBXProject;
			attributes = {
				LastSwiftUpdateCheck = 1250;
				LastUpgradeCheck = 1250;
				TargetAttributes = {
					A74912DB26EB7A0100749FF2 = {
						CreatedOnToolsVersion = 12.5.1;
					};
				};
			};
			buildConfigurationList = A74912D726EB7A0100749FF2 /* Build configuration list for PBXProject "Garment" */;
			compatibilityVersion = "Xcode 9.3";
			developmentRegion = en;
			hasScannedForEncodings = 0;
			knownRegions = (
				en,
				Base,
			);
			mainGroup = A74912D326EB7A0100749FF2;
			packageReferences = (
				A7545AC52715A1A200A79E83 /* XCRemoteSwiftPackageReference "firebase-ios-sdk" */,
				A70E236F274BBB9000563FEC /* XCRemoteSwiftPackageReference "SDWebImageWebPCoder" */,
			);
			productRefGroup = A74912DD26EB7A0100749FF2 /* Products */;
			projectDirPath = "";
			projectRoot = "";
			targets = (
				A74912DB26EB7A0100749FF2 /* Garment */,
			);
		};
/* End PBXProject section */

/* Begin PBXResourcesBuildPhase section */
		A74912DA26EB7A0100749FF2 /* Resources */ = {
			isa = PBXResourcesBuildPhase;
			buildActionMask = 2147483647;
			files = (
				A74912EF26EB7A0300749FF2 /* LaunchScreen.storyboard in Resources */,
				A7545B2727163D6600A79E83 /* GoogleService-Info.plist in Resources */,
				A74912EC26EB7A0300749FF2 /* Assets.xcassets in Resources */,
				A74912E726EB7A0100749FF2 /* Main.storyboard in Resources */,
			);
			runOnlyForDeploymentPostprocessing = 0;
		};
/* End PBXResourcesBuildPhase section */

/* Begin PBXSourcesBuildPhase section */
		A74912D826EB7A0100749FF2 /* Sources */ = {
			isa = PBXSourcesBuildPhase;
			buildActionMask = 2147483647;
			files = (
				A749130026EBE1B300749FF2 /* Store.swift in Sources */,
				A74912E026EB7A0100749FF2 /* AppDelegate.swift in Sources */,
				A7D709A826ED5B4700392A58 /* DataBase.swift in Sources */,
				A749131326EC24E800749FF2 /* TimeLineCollectionViewCell.swift in Sources */,
				A74912FC26EB7C6000749FF2 /* User.swift in Sources */,
				A749130B26EC07FB00749FF2 /* TimeLineCollectionViewController.swift in Sources */,
				A71CF607270BA53000734074 /* StoreTableViewController.swift in Sources */,
				A715B68D270E285A00DF78FD /* AuthViewController.swift in Sources */,
				A7A9893626F6A1A600875AAB /* ProductViewController.swift in Sources */,
				A71690442723513E008F8B8E /* DBFireBase.swift in Sources */,
				A74912EA26EB7A0100749FF2 /* Garment.xcdatamodeld in Sources */,
				A74912E226EB7A0100749FF2 /* SceneDelegate.swift in Sources */,
				A71690422722E3A8008F8B8E /* FSTimeLine.swift in Sources */,
				A77B94AB2708EF98008CA24C /* PhotoAlbumCollectionView.swift in Sources */,
				A7A9893F26F95E6500875AAB /* StorePhotoAlbumCollectionViewCell.swift in Sources */,
				A717B98B270EDC2800415BD8 /* AuthAccaunt.swift in Sources */,
				A71F969D271BBA0D006F5826 /* ProductFireBase.swift in Sources */,
				A71F969A271BB619006F5826 /* StoreFireBase.swift in Sources */,
				A7EA6938280F4EFC0085DFF9 /* ActivityTVC.swift in Sources */,
				A74912FE26EB7C9F00749FF2 /* Product.swift in Sources */,
				A7EA693B2810A76E0085DFF9 /* MessageTVC.swift in Sources */,
				A71215D027138867006BF312 /* GlobalMenuStoreViewController.swift in Sources */,
				A77B94A72708D31B008CA24C /* PhotoAlbumCollectionViewCell.swift in Sources */,
			);
			runOnlyForDeploymentPostprocessing = 0;
		};
/* End PBXSourcesBuildPhase section */

/* Begin PBXVariantGroup section */
		A74912E526EB7A0100749FF2 /* Main.storyboard */ = {
			isa = PBXVariantGroup;
			children = (
				A74912E626EB7A0100749FF2 /* Base */,
			);
			name = Main.storyboard;
			sourceTree = "<group>";
		};
		A74912ED26EB7A0300749FF2 /* LaunchScreen.storyboard */ = {
			isa = PBXVariantGroup;
			children = (
				A74912EE26EB7A0300749FF2 /* Base */,
			);
			name = LaunchScreen.storyboard;
			sourceTree = "<group>";
		};
/* End PBXVariantGroup section */

/* Begin XCBuildConfiguration section */
		A74912F126EB7A0300749FF2 /* Debug */ = {
			isa = XCBuildConfiguration;
			buildSettings = {
				ALWAYS_SEARCH_USER_PATHS = NO;
				CLANG_ANALYZER_NONNULL = YES;
				CLANG_ANALYZER_NUMBER_OBJECT_CONVERSION = YES_AGGRESSIVE;
				CLANG_CXX_LANGUAGE_STANDARD = "gnu++14";
				CLANG_CXX_LIBRARY = "libc++";
				CLANG_ENABLE_MODULES = YES;
				CLANG_ENABLE_OBJC_ARC = YES;
				CLANG_ENABLE_OBJC_WEAK = YES;
				CLANG_WARN_BLOCK_CAPTURE_AUTORELEASING = YES;
				CLANG_WARN_BOOL_CONVERSION = YES;
				CLANG_WARN_COMMA = YES;
				CLANG_WARN_CONSTANT_CONVERSION = YES;
				CLANG_WARN_DEPRECATED_OBJC_IMPLEMENTATIONS = YES;
				CLANG_WARN_DIRECT_OBJC_ISA_USAGE = YES_ERROR;
				CLANG_WARN_DOCUMENTATION_COMMENTS = YES;
				CLANG_WARN_EMPTY_BODY = YES;
				CLANG_WARN_ENUM_CONVERSION = YES;
				CLANG_WARN_INFINITE_RECURSION = YES;
				CLANG_WARN_INT_CONVERSION = YES;
				CLANG_WARN_NON_LITERAL_NULL_CONVERSION = YES;
				CLANG_WARN_OBJC_IMPLICIT_RETAIN_SELF = YES;
				CLANG_WARN_OBJC_LITERAL_CONVERSION = YES;
				CLANG_WARN_OBJC_ROOT_CLASS = YES_ERROR;
				CLANG_WARN_QUOTED_INCLUDE_IN_FRAMEWORK_HEADER = YES;
				CLANG_WARN_RANGE_LOOP_ANALYSIS = YES;
				CLANG_WARN_STRICT_PROTOTYPES = YES;
				CLANG_WARN_SUSPICIOUS_MOVE = YES;
				CLANG_WARN_UNGUARDED_AVAILABILITY = YES_AGGRESSIVE;
				CLANG_WARN_UNREACHABLE_CODE = YES;
				CLANG_WARN__DUPLICATE_METHOD_MATCH = YES;
				COPY_PHASE_STRIP = NO;
				DEBUG_INFORMATION_FORMAT = dwarf;
				ENABLE_STRICT_OBJC_MSGSEND = YES;
				ENABLE_TESTABILITY = YES;
				GCC_C_LANGUAGE_STANDARD = gnu11;
				GCC_DYNAMIC_NO_PIC = NO;
				GCC_NO_COMMON_BLOCKS = YES;
				GCC_OPTIMIZATION_LEVEL = 0;
				GCC_PREPROCESSOR_DEFINITIONS = (
					"DEBUG=1",
					"$(inherited)",
				);
				GCC_WARN_64_TO_32_BIT_CONVERSION = YES;
				GCC_WARN_ABOUT_RETURN_TYPE = YES_ERROR;
				GCC_WARN_UNDECLARED_SELECTOR = YES;
				GCC_WARN_UNINITIALIZED_AUTOS = YES_AGGRESSIVE;
				GCC_WARN_UNUSED_FUNCTION = YES;
				GCC_WARN_UNUSED_VARIABLE = YES;
				IPHONEOS_DEPLOYMENT_TARGET = 14.5;
				MTL_ENABLE_DEBUG_INFO = INCLUDE_SOURCE;
				MTL_FAST_MATH = YES;
				ONLY_ACTIVE_ARCH = YES;
				SDKROOT = iphoneos;
				SWIFT_ACTIVE_COMPILATION_CONDITIONS = DEBUG;
				SWIFT_OPTIMIZATION_LEVEL = "-Onone";
			};
			name = Debug;
		};
		A74912F226EB7A0300749FF2 /* Release */ = {
			isa = XCBuildConfiguration;
			buildSettings = {
				ALWAYS_SEARCH_USER_PATHS = NO;
				CLANG_ANALYZER_NONNULL = YES;
				CLANG_ANALYZER_NUMBER_OBJECT_CONVERSION = YES_AGGRESSIVE;
				CLANG_CXX_LANGUAGE_STANDARD = "gnu++14";
				CLANG_CXX_LIBRARY = "libc++";
				CLANG_ENABLE_MODULES = YES;
				CLANG_ENABLE_OBJC_ARC = YES;
				CLANG_ENABLE_OBJC_WEAK = YES;
				CLANG_WARN_BLOCK_CAPTURE_AUTORELEASING = YES;
				CLANG_WARN_BOOL_CONVERSION = YES;
				CLANG_WARN_COMMA = YES;
				CLANG_WARN_CONSTANT_CONVERSION = YES;
				CLANG_WARN_DEPRECATED_OBJC_IMPLEMENTATIONS = YES;
				CLANG_WARN_DIRECT_OBJC_ISA_USAGE = YES_ERROR;
				CLANG_WARN_DOCUMENTATION_COMMENTS = YES;
				CLANG_WARN_EMPTY_BODY = YES;
				CLANG_WARN_ENUM_CONVERSION = YES;
				CLANG_WARN_INFINITE_RECURSION = YES;
				CLANG_WARN_INT_CONVERSION = YES;
				CLANG_WARN_NON_LITERAL_NULL_CONVERSION = YES;
				CLANG_WARN_OBJC_IMPLICIT_RETAIN_SELF = YES;
				CLANG_WARN_OBJC_LITERAL_CONVERSION = YES;
				CLANG_WARN_OBJC_ROOT_CLASS = YES_ERROR;
				CLANG_WARN_QUOTED_INCLUDE_IN_FRAMEWORK_HEADER = YES;
				CLANG_WARN_RANGE_LOOP_ANALYSIS = YES;
				CLANG_WARN_STRICT_PROTOTYPES = YES;
				CLANG_WARN_SUSPICIOUS_MOVE = YES;
				CLANG_WARN_UNGUARDED_AVAILABILITY = YES_AGGRESSIVE;
				CLANG_WARN_UNREACHABLE_CODE = YES;
				CLANG_WARN__DUPLICATE_METHOD_MATCH = YES;
				COPY_PHASE_STRIP = NO;
				DEBUG_INFORMATION_FORMAT = "dwarf-with-dsym";
				ENABLE_NS_ASSERTIONS = NO;
				ENABLE_STRICT_OBJC_MSGSEND = YES;
				GCC_C_LANGUAGE_STANDARD = gnu11;
				GCC_NO_COMMON_BLOCKS = YES;
				GCC_WARN_64_TO_32_BIT_CONVERSION = YES;
				GCC_WARN_ABOUT_RETURN_TYPE = YES_ERROR;
				GCC_WARN_UNDECLARED_SELECTOR = YES;
				GCC_WARN_UNINITIALIZED_AUTOS = YES_AGGRESSIVE;
				GCC_WARN_UNUSED_FUNCTION = YES;
				GCC_WARN_UNUSED_VARIABLE = YES;
				IPHONEOS_DEPLOYMENT_TARGET = 14.5;
				MTL_ENABLE_DEBUG_INFO = NO;
				MTL_FAST_MATH = YES;
				SDKROOT = iphoneos;
				SWIFT_COMPILATION_MODE = wholemodule;
				SWIFT_OPTIMIZATION_LEVEL = "-O";
				VALIDATE_PRODUCT = YES;
			};
			name = Release;
		};
		A74912F426EB7A0300749FF2 /* Debug */ = {
			isa = XCBuildConfiguration;
			buildSettings = {
				ASSETCATALOG_COMPILER_APPICON_NAME = AppIcon;
				ASSETCATALOG_COMPILER_GLOBAL_ACCENT_COLOR_NAME = AccentColor;
				CODE_SIGN_ENTITLEMENTS = Garment/Garment.entitlements;
				CODE_SIGN_IDENTITY = "Apple Development";
				CODE_SIGN_STYLE = Automatic;
				DEVELOPMENT_TEAM = V29B4WV7QY;
				INFOPLIST_FILE = Garment/Info.plist;
				LD_RUNPATH_SEARCH_PATHS = (
					"$(inherited)",
					"@executable_path/Frameworks",
				);
				PRODUCT_BUNDLE_IDENTIFIER = Test.Garment;
				PRODUCT_NAME = "$(TARGET_NAME)";
				PROVISIONING_PROFILE_SPECIFIER = "";
				SWIFT_VERSION = 5.0;
				TARGETED_DEVICE_FAMILY = "1,2";
			};
			name = Debug;
		};
		A74912F526EB7A0300749FF2 /* Release */ = {
			isa = XCBuildConfiguration;
			buildSettings = {
				ASSETCATALOG_COMPILER_APPICON_NAME = AppIcon;
				ASSETCATALOG_COMPILER_GLOBAL_ACCENT_COLOR_NAME = AccentColor;
				CODE_SIGN_ENTITLEMENTS = Garment/Garment.entitlements;
				CODE_SIGN_IDENTITY = "Apple Development";
				CODE_SIGN_STYLE = Automatic;
				DEVELOPMENT_TEAM = V29B4WV7QY;
				INFOPLIST_FILE = Garment/Info.plist;
				LD_RUNPATH_SEARCH_PATHS = (
					"$(inherited)",
					"@executable_path/Frameworks",
				);
				PRODUCT_BUNDLE_IDENTIFIER = Test.Garment;
				PRODUCT_NAME = "$(TARGET_NAME)";
				PROVISIONING_PROFILE_SPECIFIER = "";
				SWIFT_VERSION = 5.0;
				TARGETED_DEVICE_FAMILY = "1,2";
			};
			name = Release;
		};
/* End XCBuildConfiguration section */

/* Begin XCConfigurationList section */
		A74912D726EB7A0100749FF2 /* Build configuration list for PBXProject "Garment" */ = {
			isa = XCConfigurationList;
			buildConfigurations = (
				A74912F126EB7A0300749FF2 /* Debug */,
				A74912F226EB7A0300749FF2 /* Release */,
			);
			defaultConfigurationIsVisible = 0;
			defaultConfigurationName = Release;
		};
		A74912F326EB7A0300749FF2 /* Build configuration list for PBXNativeTarget "Garment" */ = {
			isa = XCConfigurationList;
			buildConfigurations = (
				A74912F426EB7A0300749FF2 /* Debug */,
				A74912F526EB7A0300749FF2 /* Release */,
			);
			defaultConfigurationIsVisible = 0;
			defaultConfigurationName = Release;
		};
/* End XCConfigurationList section */

/* Begin XCRemoteSwiftPackageReference section */
		A70E236F274BBB9000563FEC /* XCRemoteSwiftPackageReference "SDWebImageWebPCoder" */ = {
			isa = XCRemoteSwiftPackageReference;
			repositoryURL = "https://github.com/SDWebImage/SDWebImageWebPCoder.git";
			requirement = {
				kind = upToNextMajorVersion;
				minimumVersion = 0.8.4;
			};
		};
		A7545AC52715A1A200A79E83 /* XCRemoteSwiftPackageReference "firebase-ios-sdk" */ = {
			isa = XCRemoteSwiftPackageReference;
			repositoryURL = "https://github.com/firebase/firebase-ios-sdk.git";
			requirement = {
				kind = upToNextMajorVersion;
				minimumVersion = 8.0.0;
			};
		};
/* End XCRemoteSwiftPackageReference section */

/* Begin XCSwiftPackageProductDependency section */
		A70E2370274BBB9000563FEC /* SDWebImageWebPCoder */ = {
			isa = XCSwiftPackageProductDependency;
			package = A70E236F274BBB9000563FEC /* XCRemoteSwiftPackageReference "SDWebImageWebPCoder" */;
			productName = SDWebImageWebPCoder;
		};
		A7545AC62715A1A200A79E83 /* FirebaseAnalytics */ = {
			isa = XCSwiftPackageProductDependency;
			package = A7545AC52715A1A200A79E83 /* XCRemoteSwiftPackageReference "firebase-ios-sdk" */;
			productName = FirebaseAnalytics;
		};
		A7545AC82715A1A200A79E83 /* FirebaseAnalyticsSwift-Beta */ = {
			isa = XCSwiftPackageProductDependency;
			package = A7545AC52715A1A200A79E83 /* XCRemoteSwiftPackageReference "firebase-ios-sdk" */;
			productName = "FirebaseAnalyticsSwift-Beta";
		};
		A7545ACA2715A1A200A79E83 /* FirebaseAnalyticsWithoutAdIdSupport */ = {
			isa = XCSwiftPackageProductDependency;
			package = A7545AC52715A1A200A79E83 /* XCRemoteSwiftPackageReference "firebase-ios-sdk" */;
			productName = FirebaseAnalyticsWithoutAdIdSupport;
		};
		A7545ACC2715A1A200A79E83 /* FirebaseAppCheck */ = {
			isa = XCSwiftPackageProductDependency;
			package = A7545AC52715A1A200A79E83 /* XCRemoteSwiftPackageReference "firebase-ios-sdk" */;
			productName = FirebaseAppCheck;
		};
		A7545ACE2715A1A200A79E83 /* FirebaseAppDistribution-Beta */ = {
			isa = XCSwiftPackageProductDependency;
			package = A7545AC52715A1A200A79E83 /* XCRemoteSwiftPackageReference "firebase-ios-sdk" */;
			productName = "FirebaseAppDistribution-Beta";
		};
		A7545AD02715A1A200A79E83 /* FirebaseAuth */ = {
			isa = XCSwiftPackageProductDependency;
			package = A7545AC52715A1A200A79E83 /* XCRemoteSwiftPackageReference "firebase-ios-sdk" */;
			productName = FirebaseAuth;
		};
		A7545AD22715A1A200A79E83 /* FirebaseCrashlytics */ = {
			isa = XCSwiftPackageProductDependency;
			package = A7545AC52715A1A200A79E83 /* XCRemoteSwiftPackageReference "firebase-ios-sdk" */;
			productName = FirebaseCrashlytics;
		};
		A7545AD42715A1A200A79E83 /* FirebaseDatabase */ = {
			isa = XCSwiftPackageProductDependency;
			package = A7545AC52715A1A200A79E83 /* XCRemoteSwiftPackageReference "firebase-ios-sdk" */;
			productName = FirebaseDatabase;
		};
		A7545AD62715A1A200A79E83 /* FirebaseDatabaseSwift-Beta */ = {
			isa = XCSwiftPackageProductDependency;
			package = A7545AC52715A1A200A79E83 /* XCRemoteSwiftPackageReference "firebase-ios-sdk" */;
			productName = "FirebaseDatabaseSwift-Beta";
		};
		A7545AD82715A1A200A79E83 /* FirebaseDynamicLinks */ = {
			isa = XCSwiftPackageProductDependency;
			package = A7545AC52715A1A200A79E83 /* XCRemoteSwiftPackageReference "firebase-ios-sdk" */;
			productName = FirebaseDynamicLinks;
		};
		A7545ADA2715A1A200A79E83 /* FirebaseFirestore */ = {
			isa = XCSwiftPackageProductDependency;
			package = A7545AC52715A1A200A79E83 /* XCRemoteSwiftPackageReference "firebase-ios-sdk" */;
			productName = FirebaseFirestore;
		};
		A7545ADC2715A1A200A79E83 /* FirebaseFirestoreSwift-Beta */ = {
			isa = XCSwiftPackageProductDependency;
			package = A7545AC52715A1A200A79E83 /* XCRemoteSwiftPackageReference "firebase-ios-sdk" */;
			productName = "FirebaseFirestoreSwift-Beta";
		};
		A7545ADE2715A1A200A79E83 /* FirebaseFunctions */ = {
			isa = XCSwiftPackageProductDependency;
			package = A7545AC52715A1A200A79E83 /* XCRemoteSwiftPackageReference "firebase-ios-sdk" */;
			productName = FirebaseFunctions;
		};
		A7545AE02715A1A200A79E83 /* FirebaseInAppMessaging-Beta */ = {
			isa = XCSwiftPackageProductDependency;
			package = A7545AC52715A1A200A79E83 /* XCRemoteSwiftPackageReference "firebase-ios-sdk" */;
			productName = "FirebaseInAppMessaging-Beta";
		};
		A7545AE22715A1A200A79E83 /* FirebaseInAppMessagingSwift-Beta */ = {
			isa = XCSwiftPackageProductDependency;
			package = A7545AC52715A1A200A79E83 /* XCRemoteSwiftPackageReference "firebase-ios-sdk" */;
			productName = "FirebaseInAppMessagingSwift-Beta";
		};
		A7545AE42715A1A200A79E83 /* FirebaseInstallations */ = {
			isa = XCSwiftPackageProductDependency;
			package = A7545AC52715A1A200A79E83 /* XCRemoteSwiftPackageReference "firebase-ios-sdk" */;
			productName = FirebaseInstallations;
		};
		A7545AE62715A1A200A79E83 /* FirebaseMLModelDownloader */ = {
			isa = XCSwiftPackageProductDependency;
			package = A7545AC52715A1A200A79E83 /* XCRemoteSwiftPackageReference "firebase-ios-sdk" */;
			productName = FirebaseMLModelDownloader;
		};
		A7545AE82715A1A200A79E83 /* FirebaseMessaging */ = {
			isa = XCSwiftPackageProductDependency;
			package = A7545AC52715A1A200A79E83 /* XCRemoteSwiftPackageReference "firebase-ios-sdk" */;
			productName = FirebaseMessaging;
		};
		A7545AEA2715A1A200A79E83 /* FirebasePerformance */ = {
			isa = XCSwiftPackageProductDependency;
			package = A7545AC52715A1A200A79E83 /* XCRemoteSwiftPackageReference "firebase-ios-sdk" */;
			productName = FirebasePerformance;
		};
		A7545AEC2715A1A200A79E83 /* FirebaseRemoteConfig */ = {
			isa = XCSwiftPackageProductDependency;
			package = A7545AC52715A1A200A79E83 /* XCRemoteSwiftPackageReference "firebase-ios-sdk" */;
			productName = FirebaseRemoteConfig;
		};
		A7545AEE2715A1A200A79E83 /* FirebaseStorage */ = {
			isa = XCSwiftPackageProductDependency;
			package = A7545AC52715A1A200A79E83 /* XCRemoteSwiftPackageReference "firebase-ios-sdk" */;
			productName = FirebaseStorage;
		};
		A7545AF02715A1A200A79E83 /* FirebaseStorageSwift-Beta */ = {
			isa = XCSwiftPackageProductDependency;
			package = A7545AC52715A1A200A79E83 /* XCRemoteSwiftPackageReference "firebase-ios-sdk" */;
			productName = "FirebaseStorageSwift-Beta";
		};
/* End XCSwiftPackageProductDependency section */

/* Begin XCVersionGroup section */
		A74912E826EB7A0100749FF2 /* Garment.xcdatamodeld */ = {
			isa = XCVersionGroup;
			children = (
				A74912E926EB7A0100749FF2 /* Garment.xcdatamodel */,
			);
			currentVersion = A74912E926EB7A0100749FF2 /* Garment.xcdatamodel */;
			path = Garment.xcdatamodeld;
			sourceTree = "<group>";
			versionGroupType = wrapper.xcdatamodel;
		};
/* End XCVersionGroup section */
	};
	rootObject = A74912D426EB7A0100749FF2 /* Project object */;
}
